{
    "aws/aws-sdk-php": {
        "version": "3.87.2"
    },
    "bref/bref": {
        "version": "0.4.1"
    },
    "guzzlehttp/guzzle": {
        "version": "6.3.3"
    },
    "guzzlehttp/promises": {
        "version": "v1.3.1"
    },
    "guzzlehttp/psr7": {
        "version": "1.5.2"
    },
    "hollodotme/fast-cgi-client": {
        "version": "v2.7.2"
    },
    "mnapoli/silly": {
        "version": "1.7.1"
    },
    "mtdowling/jmespath.php": {
        "version": "2.4.0"
    },
    "php-di/invoker": {
        "version": "2.0.0"
    },
    "psr/cache": {
        "version": "1.0.1"
    },
    "psr/container": {
        "version": "1.0.0"
    },
    "psr/http-message": {
        "version": "1.0.1"
    },
    "psr/log": {
        "version": "1.1.0"
    },
    "psr/simple-cache": {
        "version": "1.0.1"
    },
    "ralouphie/getallheaders": {
        "version": "2.0.5"
    },
    "symfony/cache": {
        "version": "v4.2.2"
    },
    "symfony/config": {
        "version": "v4.2.2"
    },
    "symfony/console": {
        "version": "3.3",
        "recipe": {
            "repo": "github.com/symfony/recipes",
            "branch": "master",
            "version": "3.3",
            "ref": "0fa049c19069a65f52c1c181d64be3de672c1504"
        }
    },
    "symfony/contracts": {
        "version": "v1.0.2"
    },
    "symfony/debug": {
        "version": "v4.2.2"
    },
    "symfony/dependency-injection": {
        "version": "v4.2.2"
    },
    "symfony/dotenv": {
        "version": "v4.2.2"
    },
    "symfony/event-dispatcher": {
        "version": "v4.2.2"
    },
    "symfony/filesystem": {
        "version": "v4.2.2"
    },
    "symfony/finder": {
        "version": "v4.2.2"
    },
    "symfony/flex": {
        "version": "1.0",
        "recipe": {
            "repo": "github.com/symfony/recipes",
            "branch": "master",
            "version": "1.0",
            "ref": "dc3fc2e0334a4137c47cfd5a3ececc601fa61a0b"
        }
    },
    "symfony/framework-bundle": {
        "version": "4.2",
        "recipe": {
            "repo": "github.com/symfony/recipes",
            "branch": "master",
            "version": "4.2",
            "ref": "5bb3a8c27df824d195fa68bb635d074854f8498f"
        }
    },
    "symfony/http-foundation": {
        "version": "v4.2.2"
    },
    "symfony/http-kernel": {
        "version": "v4.2.2"
    },
    "symfony/polyfill-mbstring": {
        "version": "v1.10.0"
    },
    "symfony/process": {
        "version": "v4.2.2"
    },
    "symfony/routing": {
        "version": "4.2",
        "recipe": {
            "repo": "github.com/symfony/recipes",
            "branch": "master",
            "version": "4.2",
            "ref": "5374e24d508ba8fd6ba9eb15170255fdb778316a"
        }
    },
    "symfony/twig-bridge": {
        "version": "4.3-dev"
    },
    "symfony/twig-bundle": {
        "version": "3.3",
        "recipe": {
            "repo": "github.com/symfony/recipes",
            "branch": "master",
            "version": "3.3",
            "ref": "369b5b29dc52b2c190002825ae7ec24ab6f962dd"
        }
    },
    "symfony/var-exporter": {
        "version": "v4.2.2"
    },
    "symfony/web-server-bundle": {
        "version": "3.3",
        "recipe": {
            "repo": "github.com/symfony/recipes",
            "branch": "master",
            "version": "3.3",
            "ref": "dae9b39fd6717970be7601101ce5aa960bf53d9a"
        }
    },
    "symfony/yaml": {
        "version": "v4.2.2"
    },
    "twig/twig": {
        "version": "2.x-dev"
    }
}
